
Microsoft Visual Studio Solution File, Format Version 12.00
# Visual Studio Version 16
VisualStudioVersion = 16.0.29102.190
MinimumVisualStudioVersion = 10.0.40219.1
Project("{9A19103F-16F7-4668-BE54-9A1E7A4F7556}") = "MTT", "Source\MTT\MTT.csproj", "{4BEB4CB8-9AE2-4309-8BF9-8F5E7E09923E}"
EndProject
Project("{FAE04EC0-301F-11D3-BF4B-00C04F79EFBC}") = "MTTRunner", "Source\MTTRunner\MTTRunner.csproj", "{64ED2395-7B10-44FC-82FA-F633208D66D2}"
EndProject
Global
	GlobalSection(SolutionConfigurationPlatforms) = preSolution
		Debug|Any CPU = Debug|Any CPU
		Release|Any CPU = Release|Any CPU
	EndGlobalSection
	GlobalSection(ProjectConfigurationPlatforms) = postSolution
		{4BEB4CB8-9AE2-4309-8BF9-8F5E7E09923E}.Debug|Any CPU.ActiveCfg = Debug|Any CPU
		{4BEB4CB8-9AE2-4309-8BF9-8F5E7E09923E}.Debug|Any CPU.Build.0 = Debug|Any CPU
		{4BEB4CB8-9AE2-4309-8BF9-8F5E7E09923E}.Release|Any CPU.ActiveCfg = Release|Any CPU
		{4BEB4CB8-9AE2-4309-8BF9-8F5E7E09923E}.Release|Any CPU.Build.0 = Release|Any CPU
		{64ED2395-7B10-44FC-82FA-F633208D66D2}.Debug|Any CPU.ActiveCfg = Debug|Any CPU
		{64ED2395-7B10-44FC-82FA-F633208D66D2}.Debug|Any CPU.Build.0 = Debug|Any CPU
		{64ED2395-7B10-44FC-82FA-F633208D66D2}.Release|Any CPU.ActiveCfg = Release|Any CPU
		{64ED2395-7B10-44FC-82FA-F633208D66D2}.Release|Any CPU.Build.0 = Release|Any CPU
	EndGlobalSection
	GlobalSection(SolutionProperties) = preSolution
		HideSolutionNode = FALSE
	EndGlobalSection
	GlobalSection(ExtensibilityGlobals) = postSolution
		SolutionGuid = {A8DB8C06-5AFF-4BAA-93C2-F929F8AEC9F9}
	EndGlobalSection
EndGlobal
